
Microsoft Visual Studio Solution File, Format Version 12.00
# Visual Studio Version 17
VisualStudioVersion = 17.5.33414.496
MinimumVisualStudioVersion = 10.0.40219.1
Project("{FAE04EC0-301F-11D3-BF4B-00C04F79EFBC}") = "DeAn_demo", "DeAn_demo.csproj", "{26FAC583-45B0-4E41-9CA2-7AB784D0CE42}"
EndProject
Project("{FAE04EC0-301F-11D3-BF4B-00C04F79EFBC}") = "MyClass", "..\MyClass\MyClass.csproj", "{B7F9ABCD-3343-4CF2-8F56-D5507E6F8E00}"
EndProject
Global
	GlobalSection(SolutionConfigurationPlatforms) = preSolution
		Debug|Any CPU = Debug|Any CPU
		Release|Any CPU = Release|Any CPU
	EndGlobalSection
	GlobalSection(ProjectConfigurationPlatforms) = postSolution
		{26FAC583-45B0-4E41-9CA2-7AB784D0CE42}.Debug|Any CPU.ActiveCfg = Debug|Any CPU
		{26FAC583-45B0-4E41-9CA2-7AB784D0CE42}.Debug|Any CPU.Build.0 = Debug|Any CPU
		{26FAC583-45B0-4E41-9CA2-7AB784D0CE42}.Release|Any CPU.ActiveCfg = Release|Any CPU
		{26FAC583-45B0-4E41-9CA2-7AB784D0CE42}.Release|Any CPU.Build.0 = Release|Any CPU
		{B7F9ABCD-3343-4CF2-8F56-D5507E6F8E00}.Debug|Any CPU.ActiveCfg = Debug|Any CPU
		{B7F9ABCD-3343-4CF2-8F56-D5507E6F8E00}.Debug|Any CPU.Build.0 = Debug|Any CPU
		{B7F9ABCD-3343-4CF2-8F56-D5507E6F8E00}.Release|Any CPU.ActiveCfg = Release|Any CPU
		{B7F9ABCD-3343-4CF2-8F56-D5507E6F8E00}.Release|Any CPU.Build.0 = Release|Any CPU
	EndGlobalSection
	GlobalSection(SolutionProperties) = preSolution
		HideSolutionNode = FALSE
	EndGlobalSection
	GlobalSection(ExtensibilityGlobals) = postSolution
		SolutionGuid = {3ECB8D0C-92DE-44F7-96CE-AF5FAFD8CB2C}
	EndGlobalSection
EndGlobal
